
Microsoft Visual Studio Solution File, Format Version 12.00
# Visual Studio Version 16
VisualStudioVersion = 16.0.30717.126
MinimumVisualStudioVersion = 10.0.40219.1
Project("{FAE04EC0-301F-11D3-BF4B-00C04F79EFBC}") = "SLLogBlender", "SLLogBlender\SLLogBlender.csproj", "{1D78437F-43DE-41E9-9C3B-2FFD25307010}"
EndProject
Project("{FAE04EC0-301F-11D3-BF4B-00C04F79EFBC}") = "SLLogBlenderTests", "..\SLLogBlenderTests\SLLogBlenderTests.csproj", "{2FEC1A32-79C9-443F-A469-6C9F74D7E268}"
EndProject
Global
	GlobalSection(SolutionConfigurationPlatforms) = preSolution
		Debug|Any CPU = Debug|Any CPU
		Release|Any CPU = Release|Any CPU
	EndGlobalSection
	GlobalSection(ProjectConfigurationPlatforms) = postSolution
		{1D78437F-43DE-41E9-9C3B-2FFD25307010}.Debug|Any CPU.ActiveCfg = Debug|Any CPU
		{1D78437F-43DE-41E9-9C3B-2FFD25307010}.Debug|Any CPU.Build.0 = Debug|Any CPU
		{1D78437F-43DE-41E9-9C3B-2FFD25307010}.Release|Any CPU.ActiveCfg = Release|Any CPU
		{1D78437F-43DE-41E9-9C3B-2FFD25307010}.Release|Any CPU.Build.0 = Release|Any CPU
		{2FEC1A32-79C9-443F-A469-6C9F74D7E268}.Debug|Any CPU.ActiveCfg = Debug|Any CPU
		{2FEC1A32-79C9-443F-A469-6C9F74D7E268}.Debug|Any CPU.Build.0 = Debug|Any CPU
		{2FEC1A32-79C9-443F-A469-6C9F74D7E268}.Release|Any CPU.ActiveCfg = Release|Any CPU
		{2FEC1A32-79C9-443F-A469-6C9F74D7E268}.Release|Any CPU.Build.0 = Release|Any CPU
	EndGlobalSection
	GlobalSection(SolutionProperties) = preSolution
		HideSolutionNode = FALSE
	EndGlobalSection
	GlobalSection(ExtensibilityGlobals) = postSolution
		SolutionGuid = {E6137AD5-84E5-40D0-BF56-A2ADFACE2886}
	EndGlobalSection
EndGlobal
